
Microsoft Visual Studio Solution File, Format Version 12.00
# Visual Studio Version 17
VisualStudioVersion = 17.10.34928.147
MinimumVisualStudioVersion = 10.0.40219.1
Project("{9A19103F-16F7-4668-BE54-9A1E7A4F7556}") = "TaskManagementApp", "TaskManagementApp.csproj", "{274FE745-D294-4BD2-ABB6-A989AC1D49F1}"
EndProject
Global
	GlobalSection(SolutionConfigurationPlatforms) = preSolution
		Debug|Any CPU = Debug|Any CPU
		Release|Any CPU = Release|Any CPU
	EndGlobalSection
	GlobalSection(ProjectConfigurationPlatforms) = postSolution
		{274FE745-D294-4BD2-ABB6-A989AC1D49F1}.Debug|Any CPU.ActiveCfg = Debug|Any CPU
		{274FE745-D294-4BD2-ABB6-A989AC1D49F1}.Debug|Any CPU.Build.0 = Debug|Any CPU
		{274FE745-D294-4BD2-ABB6-A989AC1D49F1}.Release|Any CPU.ActiveCfg = Release|Any CPU
		{274FE745-D294-4BD2-ABB6-A989AC1D49F1}.Release|Any CPU.Build.0 = Release|Any CPU
	EndGlobalSection
	GlobalSection(SolutionProperties) = preSolution
		HideSolutionNode = FALSE
	EndGlobalSection
	GlobalSection(ExtensibilityGlobals) = postSolution
		SolutionGuid = {86648C56-695F-4B59-8435-D611715476D1}
	EndGlobalSection
EndGlobal
